
Microsoft Visual Studio Solution File, Format Version 10.00
# Visual Studio 2008
Project("{FAE04EC0-301F-11D3-BF4B-00C04F79EFBC}") = "SumSpecial", "SumSpecial\SumSpecial.csproj", "{BAC9CCCE-667E-4285-B06F-AB52BDD3ACBC}"
EndProject
Global
	GlobalSection(SolutionConfigurationPlatforms) = preSolution
		Debug|Any CPU = Debug|Any CPU
		Release|Any CPU = Release|Any CPU
	EndGlobalSection
	GlobalSection(ProjectConfigurationPlatforms) = postSolution
		{BAC9CCCE-667E-4285-B06F-AB52BDD3ACBC}.Debug|Any CPU.ActiveCfg = Debug|Any CPU
		{BAC9CCCE-667E-4285-B06F-AB52BDD3ACBC}.Debug|Any CPU.Build.0 = Debug|Any CPU
		{BAC9CCCE-667E-4285-B06F-AB52BDD3ACBC}.Debug|Any CPU.Deploy.0 = Debug|Any CPU
		{BAC9CCCE-667E-4285-B06F-AB52BDD3ACBC}.Release|Any CPU.ActiveCfg = Release|Any CPU
		{BAC9CCCE-667E-4285-B06F-AB52BDD3ACBC}.Release|Any CPU.Build.0 = Release|Any CPU
		{BAC9CCCE-667E-4285-B06F-AB52BDD3ACBC}.Release|Any CPU.Deploy.0 = Release|Any CPU
	EndGlobalSection
	GlobalSection(SolutionProperties) = preSolution
		HideSolutionNode = FALSE
	EndGlobalSection
EndGlobal
