
Microsoft Visual Studio Solution File, Format Version 10.00
# Visual Studio 2008
Project("{5B268528-5715-3389-943A-D0DF94E66CB6}") = "Models1", "Models1\Models1.mproj", "{BE69472D-85DF-46B1-9D5B-05655159DE70}"
EndProject
Global
	GlobalSection(SolutionConfigurationPlatforms) = preSolution
		Debug|Any CPU = Debug|Any CPU
		Release|Any CPU = Release|Any CPU
	EndGlobalSection
	GlobalSection(ProjectConfigurationPlatforms) = postSolution
		{BE69472D-85DF-46B1-9D5B-05655159DE70}.Debug|Any CPU.ActiveCfg = Debug|Any CPU
		{BE69472D-85DF-46B1-9D5B-05655159DE70}.Debug|Any CPU.Build.0 = Debug|Any CPU
		{BE69472D-85DF-46B1-9D5B-05655159DE70}.Release|Any CPU.ActiveCfg = Release|Any CPU
		{BE69472D-85DF-46B1-9D5B-05655159DE70}.Release|Any CPU.Build.0 = Release|Any CPU
	EndGlobalSection
	GlobalSection(SolutionProperties) = preSolution
		HideSolutionNode = FALSE
	EndGlobalSection
EndGlobal
