
Microsoft Visual Studio Solution File, Format Version 10.00
# Visual Studio 2008
Project("{FAE04EC0-301F-11D3-BF4B-00C04F79EFBC}") = "UDFDBAccess", "UDFDBAccess\UDFDBAccess.csproj", "{AE56A129-8E5E-486E-BFF5-80E4CF353AEC}"
EndProject
Project("{FAE04EC0-301F-11D3-BF4B-00C04F79EFBC}") = "ClientTest", "ClientTest\ClientTest.csproj", "{AC5BC1C8-C3EA-43F7-BE60-5EC8BBA00525}"
EndProject
Global
	GlobalSection(SolutionConfigurationPlatforms) = preSolution
		Debug|Any CPU = Debug|Any CPU
		Release|Any CPU = Release|Any CPU
	EndGlobalSection
	GlobalSection(ProjectConfigurationPlatforms) = postSolution
		{AE56A129-8E5E-486E-BFF5-80E4CF353AEC}.Debug|Any CPU.ActiveCfg = Debug|Any CPU
		{AE56A129-8E5E-486E-BFF5-80E4CF353AEC}.Debug|Any CPU.Build.0 = Debug|Any CPU
		{AE56A129-8E5E-486E-BFF5-80E4CF353AEC}.Debug|Any CPU.Deploy.0 = Debug|Any CPU
		{AE56A129-8E5E-486E-BFF5-80E4CF353AEC}.Release|Any CPU.ActiveCfg = Release|Any CPU
		{AE56A129-8E5E-486E-BFF5-80E4CF353AEC}.Release|Any CPU.Build.0 = Release|Any CPU
		{AE56A129-8E5E-486E-BFF5-80E4CF353AEC}.Release|Any CPU.Deploy.0 = Release|Any CPU
		{AC5BC1C8-C3EA-43F7-BE60-5EC8BBA00525}.Debug|Any CPU.ActiveCfg = Debug|Any CPU
		{AC5BC1C8-C3EA-43F7-BE60-5EC8BBA00525}.Debug|Any CPU.Build.0 = Debug|Any CPU
		{AC5BC1C8-C3EA-43F7-BE60-5EC8BBA00525}.Release|Any CPU.ActiveCfg = Release|Any CPU
		{AC5BC1C8-C3EA-43F7-BE60-5EC8BBA00525}.Release|Any CPU.Build.0 = Release|Any CPU
	EndGlobalSection
	GlobalSection(SolutionProperties) = preSolution
		HideSolutionNode = FALSE
	EndGlobalSection
EndGlobal
